
Microsoft Visual Studio Solution File, Format Version 12.00
# Visual Studio Version 17
VisualStudioVersion = 17.9.34701.34
MinimumVisualStudioVersion = 10.0.40219.1
Project("{9A19103F-16F7-4668-BE54-9A1E7A4F7556}") = "Blog.Management.Domain", "B.Domain\Blog.Management.Domain.csproj", "{076C9594-E364-43FC-A76B-C5562C0C336D}"
EndProject
Project("{9A19103F-16F7-4668-BE54-9A1E7A4F7556}") = "Blog.Management.Application.Contracts", "B.Application.Contracts\Blog.Management.Application.Contracts.csproj", "{3BF3DFC7-B52B-4134-B79A-3C9EE7E43C14}"
EndProject
Project("{9A19103F-16F7-4668-BE54-9A1E7A4F7556}") = "Blog.Management.Application", "B.Application\Blog.Management.Application.csproj", "{3E24418E-A004-4485-B00F-63FB71BCAB65}"
EndProject
Project("{9A19103F-16F7-4668-BE54-9A1E7A4F7556}") = "Blog.Management.Infrastructure.EfCore", "B.Infrastructure.EfCore\Blog.Management.Infrastructure.EfCore.csproj", "{75671E20-2786-4DC8-9BFF-9A6A52B60824}"
EndProject
Project("{2150E333-8FDC-42A3-9474-1A3956D46DE8}") = "Blog.Presentation", "Blog.Presentation", "{45670875-7483-41BA-8D53-4073F591DB31}"
EndProject
Project("{2150E333-8FDC-42A3-9474-1A3956D46DE8}") = "B.Application", "B.Application", "{4E985324-7896-49A2-A968-D9BF861F2705}"
EndProject
Project("{9A19103F-16F7-4668-BE54-9A1E7A4F7556}") = "Blog.Management.Infrastructure.Core", "B.Infrastructure.Core\Blog.Management.Infrastructure.Core.csproj", "{A5A73C2E-7B08-4EA7-B39A-784EC8EDE867}"
EndProject
Project("{2150E333-8FDC-42A3-9474-1A3956D46DE8}") = "Blog.Management", "Blog.Management", "{24E60E09-B3CB-45E8-ABBA-DF303F29D5E8}"
EndProject
Project("{2150E333-8FDC-42A3-9474-1A3956D46DE8}") = "B.Domain", "B.Domain", "{658FE3BA-839D-414B-B7D6-F007E41E2329}"
EndProject
Project("{2150E333-8FDC-42A3-9474-1A3956D46DE8}") = "B.Infrastructure", "B.Infrastructure", "{29DCB8FB-ED4B-4BF9-9CCD-CE06D4532EDD}"
EndProject
Project("{2150E333-8FDC-42A3-9474-1A3956D46DE8}") = "B.WebAPI", "B.WebAPI", "{0A88AC47-BBE2-43E7-BD87-0EB0FDCBBF39}"
EndProject
Project("{9A19103F-16F7-4668-BE54-9A1E7A4F7556}") = "Blog.Presentation.WebAPI", "Blog.Presentation.WebAPI\Blog.Presentation.WebAPI.csproj", "{76126372-DD45-4E3B-A549-6DAE179EDE02}"
EndProject
Project("{2150E333-8FDC-42A3-9474-1A3956D46DE8}") = "B.UI", "B.UI", "{1F1F98F2-CF2B-43DF-8172-A36A5CB5EBA0}"
EndProject
Project("{FAE04EC0-301F-11D3-BF4B-00C04F79EFBC}") = "Blog.Presentation.BlazorWebAssembly", "Blog.Presentation.BlazorWebAssembly\Blog.Presentation.BlazorWebAssembly.csproj", "{DFB9C449-3475-4975-AF33-351A840B3E70}"
EndProject
Project("{FAE04EC0-301F-11D3-BF4B-00C04F79EFBC}") = "0_Framework", "0_Framework\0_Framework.csproj", "{9DD1E429-43CF-4C90-B438-615DDBBFAEC3}"
EndProject
Project("{2150E333-8FDC-42A3-9474-1A3956D46DE8}") = "Blog.Provider", "Blog.Provider", "{BF67E27C-9E72-494E-ABB8-5C5DD011E84D}"
EndProject
Project("{FAE04EC0-301F-11D3-BF4B-00C04F79EFBC}") = "Blog.Provider", "Blog.Provider\Blog.Provider.csproj", "{604C92C8-39DA-4E6F-84A7-B263B73E51F6}"
EndProject
Project("{FAE04EC0-301F-11D3-BF4B-00C04F79EFBC}") = "Blog.Provider.Contracts", "Blog.Provider.Contracts\Blog.Provider.Contracts.csproj", "{77384D5B-1134-4553-A055-38C9640AC6A4}"
EndProject
Project("{FAE04EC0-301F-11D3-BF4B-00C04F79EFBC}") = "Blog.Shared", "Blog.Shared\Blog.Shared.csproj", "{7DE2147D-7567-47E7-BE9C-59D71B0A58BE}"
EndProject
Global
	GlobalSection(SolutionConfigurationPlatforms) = preSolution
		Debug|Any CPU = Debug|Any CPU
		Release|Any CPU = Release|Any CPU
	EndGlobalSection
	GlobalSection(ProjectConfigurationPlatforms) = postSolution
		{076C9594-E364-43FC-A76B-C5562C0C336D}.Debug|Any CPU.ActiveCfg = Debug|Any CPU
		{076C9594-E364-43FC-A76B-C5562C0C336D}.Debug|Any CPU.Build.0 = Debug|Any CPU
		{076C9594-E364-43FC-A76B-C5562C0C336D}.Release|Any CPU.ActiveCfg = Release|Any CPU
		{076C9594-E364-43FC-A76B-C5562C0C336D}.Release|Any CPU.Build.0 = Release|Any CPU
		{3BF3DFC7-B52B-4134-B79A-3C9EE7E43C14}.Debug|Any CPU.ActiveCfg = Debug|Any CPU
		{3BF3DFC7-B52B-4134-B79A-3C9EE7E43C14}.Debug|Any CPU.Build.0 = Debug|Any CPU
		{3BF3DFC7-B52B-4134-B79A-3C9EE7E43C14}.Release|Any CPU.ActiveCfg = Release|Any CPU
		{3BF3DFC7-B52B-4134-B79A-3C9EE7E43C14}.Release|Any CPU.Build.0 = Release|Any CPU
		{3E24418E-A004-4485-B00F-63FB71BCAB65}.Debug|Any CPU.ActiveCfg = Debug|Any CPU
		{3E24418E-A004-4485-B00F-63FB71BCAB65}.Debug|Any CPU.Build.0 = Debug|Any CPU
		{3E24418E-A004-4485-B00F-63FB71BCAB65}.Release|Any CPU.ActiveCfg = Release|Any CPU
		{3E24418E-A004-4485-B00F-63FB71BCAB65}.Release|Any CPU.Build.0 = Release|Any CPU
		{75671E20-2786-4DC8-9BFF-9A6A52B60824}.Debug|Any CPU.ActiveCfg = Debug|Any CPU
		{75671E20-2786-4DC8-9BFF-9A6A52B60824}.Debug|Any CPU.Build.0 = Debug|Any CPU
		{75671E20-2786-4DC8-9BFF-9A6A52B60824}.Release|Any CPU.ActiveCfg = Release|Any CPU
		{75671E20-2786-4DC8-9BFF-9A6A52B60824}.Release|Any CPU.Build.0 = Release|Any CPU
		{A5A73C2E-7B08-4EA7-B39A-784EC8EDE867}.Debug|Any CPU.ActiveCfg = Debug|Any CPU
		{A5A73C2E-7B08-4EA7-B39A-784EC8EDE867}.Debug|Any CPU.Build.0 = Debug|Any CPU
		{A5A73C2E-7B08-4EA7-B39A-784EC8EDE867}.Release|Any CPU.ActiveCfg = Release|Any CPU
		{A5A73C2E-7B08-4EA7-B39A-784EC8EDE867}.Release|Any CPU.Build.0 = Release|Any CPU
		{76126372-DD45-4E3B-A549-6DAE179EDE02}.Debug|Any CPU.ActiveCfg = Debug|Any CPU
		{76126372-DD45-4E3B-A549-6DAE179EDE02}.Debug|Any CPU.Build.0 = Debug|Any CPU
		{76126372-DD45-4E3B-A549-6DAE179EDE02}.Release|Any CPU.ActiveCfg = Release|Any CPU
		{76126372-DD45-4E3B-A549-6DAE179EDE02}.Release|Any CPU.Build.0 = Release|Any CPU
		{DFB9C449-3475-4975-AF33-351A840B3E70}.Debug|Any CPU.ActiveCfg = Debug|Any CPU
		{DFB9C449-3475-4975-AF33-351A840B3E70}.Debug|Any CPU.Build.0 = Debug|Any CPU
		{DFB9C449-3475-4975-AF33-351A840B3E70}.Release|Any CPU.ActiveCfg = Release|Any CPU
		{DFB9C449-3475-4975-AF33-351A840B3E70}.Release|Any CPU.Build.0 = Release|Any CPU
		{9DD1E429-43CF-4C90-B438-615DDBBFAEC3}.Debug|Any CPU.ActiveCfg = Debug|Any CPU
		{9DD1E429-43CF-4C90-B438-615DDBBFAEC3}.Debug|Any CPU.Build.0 = Debug|Any CPU
		{9DD1E429-43CF-4C90-B438-615DDBBFAEC3}.Release|Any CPU.ActiveCfg = Release|Any CPU
		{9DD1E429-43CF-4C90-B438-615DDBBFAEC3}.Release|Any CPU.Build.0 = Release|Any CPU
		{604C92C8-39DA-4E6F-84A7-B263B73E51F6}.Debug|Any CPU.ActiveCfg = Debug|Any CPU
		{604C92C8-39DA-4E6F-84A7-B263B73E51F6}.Debug|Any CPU.Build.0 = Debug|Any CPU
		{604C92C8-39DA-4E6F-84A7-B263B73E51F6}.Release|Any CPU.ActiveCfg = Release|Any CPU
		{604C92C8-39DA-4E6F-84A7-B263B73E51F6}.Release|Any CPU.Build.0 = Release|Any CPU
		{77384D5B-1134-4553-A055-38C9640AC6A4}.Debug|Any CPU.ActiveCfg = Debug|Any CPU
		{77384D5B-1134-4553-A055-38C9640AC6A4}.Debug|Any CPU.Build.0 = Debug|Any CPU
		{77384D5B-1134-4553-A055-38C9640AC6A4}.Release|Any CPU.ActiveCfg = Release|Any CPU
		{77384D5B-1134-4553-A055-38C9640AC6A4}.Release|Any CPU.Build.0 = Release|Any CPU
		{7DE2147D-7567-47E7-BE9C-59D71B0A58BE}.Debug|Any CPU.ActiveCfg = Debug|Any CPU
		{7DE2147D-7567-47E7-BE9C-59D71B0A58BE}.Debug|Any CPU.Build.0 = Debug|Any CPU
		{7DE2147D-7567-47E7-BE9C-59D71B0A58BE}.Release|Any CPU.ActiveCfg = Release|Any CPU
		{7DE2147D-7567-47E7-BE9C-59D71B0A58BE}.Release|Any CPU.Build.0 = Release|Any CPU
	EndGlobalSection
	GlobalSection(SolutionProperties) = preSolution
		HideSolutionNode = FALSE
	EndGlobalSection
	GlobalSection(NestedProjects) = preSolution
		{076C9594-E364-43FC-A76B-C5562C0C336D} = {658FE3BA-839D-414B-B7D6-F007E41E2329}
		{3BF3DFC7-B52B-4134-B79A-3C9EE7E43C14} = {4E985324-7896-49A2-A968-D9BF861F2705}
		{3E24418E-A004-4485-B00F-63FB71BCAB65} = {4E985324-7896-49A2-A968-D9BF861F2705}
		{75671E20-2786-4DC8-9BFF-9A6A52B60824} = {29DCB8FB-ED4B-4BF9-9CCD-CE06D4532EDD}
		{4E985324-7896-49A2-A968-D9BF861F2705} = {24E60E09-B3CB-45E8-ABBA-DF303F29D5E8}
		{A5A73C2E-7B08-4EA7-B39A-784EC8EDE867} = {29DCB8FB-ED4B-4BF9-9CCD-CE06D4532EDD}
		{658FE3BA-839D-414B-B7D6-F007E41E2329} = {24E60E09-B3CB-45E8-ABBA-DF303F29D5E8}
		{29DCB8FB-ED4B-4BF9-9CCD-CE06D4532EDD} = {24E60E09-B3CB-45E8-ABBA-DF303F29D5E8}
		{0A88AC47-BBE2-43E7-BD87-0EB0FDCBBF39} = {45670875-7483-41BA-8D53-4073F591DB31}
		{76126372-DD45-4E3B-A549-6DAE179EDE02} = {0A88AC47-BBE2-43E7-BD87-0EB0FDCBBF39}
		{1F1F98F2-CF2B-43DF-8172-A36A5CB5EBA0} = {45670875-7483-41BA-8D53-4073F591DB31}
		{DFB9C449-3475-4975-AF33-351A840B3E70} = {1F1F98F2-CF2B-43DF-8172-A36A5CB5EBA0}
		{604C92C8-39DA-4E6F-84A7-B263B73E51F6} = {BF67E27C-9E72-494E-ABB8-5C5DD011E84D}
		{77384D5B-1134-4553-A055-38C9640AC6A4} = {BF67E27C-9E72-494E-ABB8-5C5DD011E84D}
		{7DE2147D-7567-47E7-BE9C-59D71B0A58BE} = {1F1F98F2-CF2B-43DF-8172-A36A5CB5EBA0}
	EndGlobalSection
	GlobalSection(ExtensibilityGlobals) = postSolution
		SolutionGuid = {5CDF2EA9-9F9A-4249-B8FF-CF0808570DD1}
	EndGlobalSection
EndGlobal
